Microsoft Visual Studio Solution File, Format Version 12.00
# Visual Studio Version 16
VisualStudioVersion = 16.0.29503.13
MinimumVisualStudioVersion = 10.0.40219.1
Project("{8BC9CEB8-8B4A-11D0-8D11-00A0C91BC942}") = "cdk", "cdk\core\cdk.vcxproj", "{2E793D23-993D-3196-90F4-7D158F32AAC0}"
	ProjectSection(ProjectDependencies) = postProject
		{67876AA5-EFD4-3C34-9180-E6BE36F0F8D7} = {67876AA5-EFD4-3C34-9180-E6BE36F0F8D7}
		{DCBAFCBA-B84E-324F-AF5E-752F3A6F0350} = {DCBAFCBA-B84E-324F-AF5E-752F3A6F0350}
		{6B3AE325-06EF-3F74-A6C2-079DF63CEC30} = {6B3AE325-06EF-3F74-A6C2-079DF63CEC30}
		{9289191D-32EC-33DF-8726-3275E9D9F712} = {9289191D-32EC-33DF-8726-3275E9D9F712}
	EndProjectSection
EndProject
Project("{8BC9CEB8-8B4A-11D0-8D11-00A0C91BC942}") = "cdk_foundation", "cdk\foundation\cdk_foundation.vcxproj", "{67876AA5-EFD4-3C34-9180-E6BE36F0F8D7}"
EndProject
Project("{8BC9CEB8-8B4A-11D0-8D11-00A0C91BC942}") = "cdk_mysqlx", "cdk\mysqlx\cdk_mysqlx.vcxproj", "{DCBAFCBA-B84E-324F-AF5E-752F3A6F0350}"
EndProject
Project("{8BC9CEB8-8B4A-11D0-8D11-00A0C91BC942}") = "cdk_parser", "cdk\parser\cdk_parser.vcxproj", "{6B3AE325-06EF-3F74-A6C2-079DF63CEC30}"
EndProject
Project("{8BC9CEB8-8B4A-11D0-8D11-00A0C91BC942}") = "cdk_proto_mysqlx", "cdk\protocol\mysqlx\cdk_proto_mysqlx.vcxproj", "{9289191D-32EC-33DF-8726-3275E9D9F712}"
EndProject
Project("{8BC9CEB8-8B4A-11D0-8D11-00A0C91BC942}") = "common", "common\common.vcxproj", "{3618764A-1CEA-3CF7-860D-EE6F9E4F2019}"
EndProject
Project("{8BC9CEB8-8B4A-11D0-8D11-00A0C91BC942}") = "connector", "connector.vcxproj", "{E4506D53-6A87-3FA5-898E-3D800FEECD85}"
	ProjectSection(ProjectDependencies) = postProject
		{2E793D23-993D-3196-90F4-7D158F32AAC0} = {2E793D23-993D-3196-90F4-7D158F32AAC0}
		{3618764A-1CEA-3CF7-860D-EE6F9E4F2019} = {3618764A-1CEA-3CF7-860D-EE6F9E4F2019}
		{C855A506-99CA-3FC4-9677-A70D3A89FDA4} = {C855A506-99CA-3FC4-9677-A70D3A89FDA4}
	EndProjectSection
EndProject
Project("{8BC9CEB8-8B4A-11D0-8D11-00A0C91BC942}") = "try", "try.vcxproj", "{713C49E3-920B-340F-9135-4EED0D54C5DF}"
	ProjectSection(ProjectDependencies) = postProject
		{E4506D53-6A87-3FA5-898E-3D800FEECD85} = {E4506D53-6A87-3FA5-898E-3D800FEECD85}
	EndProjectSection
EndProject
Project("{8BC9CEB8-8B4A-11D0-8D11-00A0C91BC942}") = "xapi", "xapi\xapi.vcxproj", "{C855A506-99CA-3FC4-9677-A70D3A89FDA4}"
EndProject
Project("{8BC9CEB8-8B4A-11D0-8D11-00A0C91BC942}") = "protobuf", "cdk\protobuf\protobuf.vcxproj", "{47A02DDB-13E9-377A-8BC9-12FB7207308A}"
EndProject
Project("{8BC9CEB8-8B4A-11D0-8D11-00A0C91BC942}") = "protobuf-lite", "cdk\protobuf\protobuf-lite.vcxproj", "{D00A8D4D-A67C-3ECE-B860-939393F9739A}"
EndProject
Project("{8BC9CEB8-8B4A-11D0-8D11-00A0C91BC942}") = "protoc", "cdk\protobuf\protoc.vcxproj", "{D2BD06E8-FF4F-38A6-895B-675D3E9DE344}"
EndProject
Project("{8BC9CEB8-8B4A-11D0-8D11-00A0C91BC942}") = "protoclib", "cdk\protobuf\protoclib.vcxproj", "{D2D2AB0C-3505-3CD6-B3AC-E82D0ED0E5C8}"
EndProject
Project("{8BC9CEB8-8B4A-11D0-8D11-00A0C91BC942}") = "xdevapi", "xdevapi\xdevapi.vcxproj", "{A739CD94-734D-43BC-A329-79425FA4CE33}"
EndProject
Project("{2150E333-8FDC-42A3-9474-1A3956D46DE8}") = "Windows", "Windows", "{1EC4D5B6-EDE0-4689-AEB7-9DCC32EB59BC}"
EndProject
Project("{2150E333-8FDC-42A3-9474-1A3956D46DE8}") = "libmysqlconnectorcc++", "libmysqlconnectorcc++", "{EA67FA5B-B3CB-46B5-9A50-BE82F9605A70}"
EndProject
Project("{2150E333-8FDC-42A3-9474-1A3956D46DE8}") = "examples", "examples", "{41614B3A-D4F1-4075-BE40-916D467E3A13}"
EndProject
Project("{8BC9CEB8-8B4A-11D0-8D11-00A0C91BC942}") = "mysql_testdemo", "..\..\examples\mysql_testdemo\mysql_testdemo\mysql_testdemo.vcxproj", "{E1C198A3-4E1B-4654-A7A4-0CAE3DC32A1A}"
EndProject
Global
	GlobalSection(SolutionConfigurationPlatforms) = preSolution
		Debug|Win32 = Debug|Win32
		Debug|x64 = Debug|x64
		Release|Win32 = Release|Win32
		Release|x64 = Release|x64
	EndGlobalSection
	GlobalSection(ProjectConfigurationPlatforms) = postSolution
		{2E793D23-993D-3196-90F4-7D158F32AAC0}.Debug|Win32.ActiveCfg = Debug|Win32
		{2E793D23-993D-3196-90F4-7D158F32AAC0}.Debug|Win32.Build.0 = Debug|Win32
		{2E793D23-993D-3196-90F4-7D158F32AAC0}.Debug|x64.ActiveCfg = Debug|x64
		{2E793D23-993D-3196-90F4-7D158F32AAC0}.Debug|x64.Build.0 = Debug|x64
		{2E793D23-993D-3196-90F4-7D158F32AAC0}.Release|Win32.ActiveCfg = Release|Win32
		{2E793D23-993D-3196-90F4-7D158F32AAC0}.Release|Win32.Build.0 = Release|Win32
		{2E793D23-993D-3196-90F4-7D158F32AAC0}.Release|x64.ActiveCfg = Release|x64
		{2E793D23-993D-3196-90F4-7D158F32AAC0}.Release|x64.Build.0 = Release|x64
		{67876AA5-EFD4-3C34-9180-E6BE36F0F8D7}.Debug|Win32.ActiveCfg = Debug|Win32
		{67876AA5-EFD4-3C34-9180-E6BE36F0F8D7}.Debug|Win32.Build.0 = Debug|Win32
		{67876AA5-EFD4-3C34-9180-E6BE36F0F8D7}.Debug|x64.ActiveCfg = Debug|x64
		{67876AA5-EFD4-3C34-9180-E6BE36F0F8D7}.Debug|x64.Build.0 = Debug|x64
		{67876AA5-EFD4-3C34-9180-E6BE36F0F8D7}.Release|Win32.ActiveCfg = Release|Win32
		{67876AA5-EFD4-3C34-9180-E6BE36F0F8D7}.Release|Win32.Build.0 = Release|Win32
		{67876AA5-EFD4-3C34-9180-E6BE36F0F8D7}.Release|x64.ActiveCfg = Release|x64
		{67876AA5-EFD4-3C34-9180-E6BE36F0F8D7}.Release|x64.Build.0 = Release|x64
		{DCBAFCBA-B84E-324F-AF5E-752F3A6F0350}.Debug|Win32.ActiveCfg = Debug|Win32
		{DCBAFCBA-B84E-324F-AF5E-752F3A6F0350}.Debug|Win32.Build.0 = Debug|Win32
		{DCBAFCBA-B84E-324F-AF5E-752F3A6F0350}.Debug|x64.ActiveCfg = Debug|x64
		{DCBAFCBA-B84E-324F-AF5E-752F3A6F0350}.Debug|x64.Build.0 = Debug|x64
		{DCBAFCBA-B84E-324F-AF5E-752F3A6F0350}.Release|Win32.ActiveCfg = Release|Win32
		{DCBAFCBA-B84E-324F-AF5E-752F3A6F0350}.Release|Win32.Build.0 = Release|Win32
		{DCBAFCBA-B84E-324F-AF5E-752F3A6F0350}.Release|x64.ActiveCfg = Release|x64
		{DCBAFCBA-B84E-324F-AF5E-752F3A6F0350}.Release|x64.Build.0 = Release|x64
		{6B3AE325-06EF-3F74-A6C2-079DF63CEC30}.Debug|Win32.ActiveCfg = Debug|Win32
		{6B3AE325-06EF-3F74-A6C2-079DF63CEC30}.Debug|Win32.Build.0 = Debug|Win32
		{6B3AE325-06EF-3F74-A6C2-079DF63CEC30}.Debug|x64.ActiveCfg = Debug|x64
		{6B3AE325-06EF-3F74-A6C2-079DF63CEC30}.Debug|x64.Build.0 = Debug|x64
		{6B3AE325-06EF-3F74-A6C2-079DF63CEC30}.Release|Win32.ActiveCfg = Release|Win32
		{6B3AE325-06EF-3F74-A6C2-079DF63CEC30}.Release|Win32.Build.0 = Release|Win32
		{6B3AE325-06EF-3F74-A6C2-079DF63CEC30}.Release|x64.ActiveCfg = Release|x64
		{6B3AE325-06EF-3F74-A6C2-079DF63CEC30}.Release|x64.Build.0 = Release|x64
		{9289191D-32EC-33DF-8726-3275E9D9F712}.Debug|Win32.ActiveCfg = Debug|Win32
		{9289191D-32EC-33DF-8726-3275E9D9F712}.Debug|Win32.Build.0 = Debug|Win32
		{9289191D-32EC-33DF-8726-3275E9D9F712}.Debug|x64.ActiveCfg = Debug|x64
		{9289191D-32EC-33DF-8726-3275E9D9F712}.Debug|x64.Build.0 = Debug|x64
		{9289191D-32EC-33DF-8726-3275E9D9F712}.Release|Win32.ActiveCfg = Release|Win32
		{9289191D-32EC-33DF-8726-3275E9D9F712}.Release|Win32.Build.0 = Release|Win32
		{9289191D-32EC-33DF-8726-3275E9D9F712}.Release|x64.ActiveCfg = Release|x64
		{9289191D-32EC-33DF-8726-3275E9D9F712}.Release|x64.Build.0 = Release|x64
		{3618764A-1CEA-3CF7-860D-EE6F9E4F2019}.Debug|Win32.ActiveCfg = Debug|Win32
		{3618764A-1CEA-3CF7-860D-EE6F9E4F2019}.Debug|Win32.Build.0 = Debug|Win32
		{3618764A-1CEA-3CF7-860D-EE6F9E4F2019}.Debug|x64.ActiveCfg = Debug|x64
		{3618764A-1CEA-3CF7-860D-EE6F9E4F2019}.Debug|x64.Build.0 = Debug|x64
		{3618764A-1CEA-3CF7-860D-EE6F9E4F2019}.Release|Win32.ActiveCfg = Release|Win32
		{3618764A-1CEA-3CF7-860D-EE6F9E4F2019}.Release|Win32.Build.0 = Release|Win32
		{3618764A-1CEA-3CF7-860D-EE6F9E4F2019}.Release|x64.ActiveCfg = Release|x64
		{3618764A-1CEA-3CF7-860D-EE6F9E4F2019}.Release|x64.Build.0 = Release|x64
		{E4506D53-6A87-3FA5-898E-3D800FEECD85}.Debug|Win32.ActiveCfg = Debug|Win32
		{E4506D53-6A87-3FA5-898E-3D800FEECD85}.Debug|Win32.Build.0 = Debug|Win32
		{E4506D53-6A87-3FA5-898E-3D800FEECD85}.Debug|x64.ActiveCfg = Debug|x64
		{E4506D53-6A87-3FA5-898E-3D800FEECD85}.Debug|x64.Build.0 = Debug|x64
		{E4506D53-6A87-3FA5-898E-3D800FEECD85}.Release|Win32.ActiveCfg = Release|Win32
		{E4506D53-6A87-3FA5-898E-3D800FEECD85}.Release|Win32.Build.0 = Release|Win32
		{E4506D53-6A87-3FA5-898E-3D800FEECD85}.Release|x64.ActiveCfg = Release|x64
		{E4506D53-6A87-3FA5-898E-3D800FEECD85}.Release|x64.Build.0 = Release|x64
		{713C49E3-920B-340F-9135-4EED0D54C5DF}.Debug|Win32.ActiveCfg = Debug|Win32
		{713C49E3-920B-340F-9135-4EED0D54C5DF}.Debug|Win32.Build.0 = Debug|Win32
		{713C49E3-920B-340F-9135-4EED0D54C5DF}.Debug|x64.ActiveCfg = Debug|x64
		{713C49E3-920B-340F-9135-4EED0D54C5DF}.Debug|x64.Build.0 = Debug|x64
		{713C49E3-920B-340F-9135-4EED0D54C5DF}.Release|Win32.ActiveCfg = Release|Win32
		{713C49E3-920B-340F-9135-4EED0D54C5DF}.Release|Win32.Build.0 = Release|Win32
		{713C49E3-920B-340F-9135-4EED0D54C5DF}.Release|x64.ActiveCfg = Release|x64
		{713C49E3-920B-340F-9135-4EED0D54C5DF}.Release|x64.Build.0 = Release|x64
		{C855A506-99CA-3FC4-9677-A70D3A89FDA4}.Debug|Win32.ActiveCfg = Debug|Win32
		{C855A506-99CA-3FC4-9677-A70D3A89FDA4}.Debug|Win32.Build.0 = Debug|Win32
		{C855A506-99CA-3FC4-9677-A70D3A89FDA4}.Debug|x64.ActiveCfg = Debug|x64
		{C855A506-99CA-3FC4-9677-A70D3A89FDA4}.Debug|x64.Build.0 = Debug|x64
		{C855A506-99CA-3FC4-9677-A70D3A89FDA4}.Release|Win32.ActiveCfg = Release|Win32
		{C855A506-99CA-3FC4-9677-A70D3A89FDA4}.Release|Win32.Build.0 = Release|Win32
		{C855A506-99CA-3FC4-9677-A70D3A89FDA4}.Release|x64.ActiveCfg = Release|x64
		{C855A506-99CA-3FC4-9677-A70D3A89FDA4}.Release|x64.Build.0 = Release|x64
		{47A02DDB-13E9-377A-8BC9-12FB7207308A}.Debug|Win32.ActiveCfg = Debug|Win32
		{47A02DDB-13E9-377A-8BC9-12FB7207308A}.Debug|Win32.Build.0 = Debug|Win32
		{47A02DDB-13E9-377A-8BC9-12FB7207308A}.Debug|x64.ActiveCfg = Debug|x64
		{47A02DDB-13E9-377A-8BC9-12FB7207308A}.Debug|x64.Build.0 = Debug|x64
		{47A02DDB-13E9-377A-8BC9-12FB7207308A}.Release|Win32.ActiveCfg = Release|Win32
		{47A02DDB-13E9-377A-8BC9-12FB7207308A}.Release|Win32.Build.0 = Release|Win32
		{47A02DDB-13E9-377A-8BC9-12FB7207308A}.Release|x64.ActiveCfg = Release|x64
		{47A02DDB-13E9-377A-8BC9-12FB7207308A}.Release|x64.Build.0 = Release|x64
		{D00A8D4D-A67C-3ECE-B860-939393F9739A}.Debug|Win32.ActiveCfg = Debug|Win32
		{D00A8D4D-A67C-3ECE-B860-939393F9739A}.Debug|Win32.Build.0 = Debug|Win32
		{D00A8D4D-A67C-3ECE-B860-939393F9739A}.Debug|x64.ActiveCfg = Debug|x64
		{D00A8D4D-A67C-3ECE-B860-939393F9739A}.Debug|x64.Build.0 = Debug|x64
		{D00A8D4D-A67C-3ECE-B860-939393F9739A}.Release|Win32.ActiveCfg = Release|Win32
		{D00A8D4D-A67C-3ECE-B860-939393F9739A}.Release|Win32.Build.0 = Release|Win32
		{D00A8D4D-A67C-3ECE-B860-939393F9739A}.Release|x64.ActiveCfg = Release|x64
		{D00A8D4D-A67C-3ECE-B860-939393F9739A}.Release|x64.Build.0 = Release|x64
		{D2BD06E8-FF4F-38A6-895B-675D3E9DE344}.Debug|Win32.ActiveCfg = Debug|Win32
		{D2BD06E8-FF4F-38A6-895B-675D3E9DE344}.Debug|Win32.Build.0 = Debug|Win32
		{D2BD06E8-FF4F-38A6-895B-675D3E9DE344}.Debug|x64.ActiveCfg = Debug|x64
		{D2BD06E8-FF4F-38A6-895B-675D3E9DE344}.Debug|x64.Build.0 = Debug|x64
		{D2BD06E8-FF4F-38A6-895B-675D3E9DE344}.Release|Win32.ActiveCfg = Release|Win32
		{D2BD06E8-FF4F-38A6-895B-675D3E9DE344}.Release|Win32.Build.0 = Release|Win32
		{D2BD06E8-FF4F-38A6-895B-675D3E9DE344}.Release|x64.ActiveCfg = Release|x64
		{D2BD06E8-FF4F-38A6-895B-675D3E9DE344}.Release|x64.Build.0 = Release|x64
		{D2D2AB0C-3505-3CD6-B3AC-E82D0ED0E5C8}.Debug|Win32.ActiveCfg = Debug|Win32
		{D2D2AB0C-3505-3CD6-B3AC-E82D0ED0E5C8}.Debug|Win32.Build.0 = Debug|Win32
		{D2D2AB0C-3505-3CD6-B3AC-E82D0ED0E5C8}.Debug|x64.ActiveCfg = Debug|x64
		{D2D2AB0C-3505-3CD6-B3AC-E82D0ED0E5C8}.Debug|x64.Build.0 = Debug|x64
		{D2D2AB0C-3505-3CD6-B3AC-E82D0ED0E5C8}.Release|Win32.ActiveCfg = Release|Win32
		{D2D2AB0C-3505-3CD6-B3AC-E82D0ED0E5C8}.Release|Win32.Build.0 = Release|Win32
		{D2D2AB0C-3505-3CD6-B3AC-E82D0ED0E5C8}.Release|x64.ActiveCfg = Release|x64
		{D2D2AB0C-3505-3CD6-B3AC-E82D0ED0E5C8}.Release|x64.Build.0 = Release|x64
		{A739CD94-734D-43BC-A329-79425FA4CE33}.Debug|Win32.ActiveCfg = Debug|Win32
		{A739CD94-734D-43BC-A329-79425FA4CE33}.Debug|Win32.Build.0 = Debug|Win32
		{A739CD94-734D-43BC-A329-79425FA4CE33}.Debug|x64.ActiveCfg = Debug|x64
		{A739CD94-734D-43BC-A329-79425FA4CE33}.Debug|x64.Build.0 = Debug|x64
		{A739CD94-734D-43BC-A329-79425FA4CE33}.Release|Win32.ActiveCfg = Release|Win32
		{A739CD94-734D-43BC-A329-79425FA4CE33}.Release|Win32.Build.0 = Release|Win32
		{A739CD94-734D-43BC-A329-79425FA4CE33}.Release|x64.ActiveCfg = Release|x64
		{A739CD94-734D-43BC-A329-79425FA4CE33}.Release|x64.Build.0 = Release|x64
		{E1C198A3-4E1B-4654-A7A4-0CAE3DC32A1A}.Debug|Win32.ActiveCfg = Debug|Win32
		{E1C198A3-4E1B-4654-A7A4-0CAE3DC32A1A}.Debug|Win32.Build.0 = Debug|Win32
		{E1C198A3-4E1B-4654-A7A4-0CAE3DC32A1A}.Debug|x64.ActiveCfg = Debug|x64
		{E1C198A3-4E1B-4654-A7A4-0CAE3DC32A1A}.Debug|x64.Build.0 = Debug|x64
		{E1C198A3-4E1B-4654-A7A4-0CAE3DC32A1A}.Release|Win32.ActiveCfg = Release|Win32
		{E1C198A3-4E1B-4654-A7A4-0CAE3DC32A1A}.Release|Win32.Build.0 = Release|Win32
		{E1C198A3-4E1B-4654-A7A4-0CAE3DC32A1A}.Release|x64.ActiveCfg = Release|x64
		{E1C198A3-4E1B-4654-A7A4-0CAE3DC32A1A}.Release|x64.Build.0 = Release|x64
	EndGlobalSection
	GlobalSection(SolutionProperties) = preSolution
		HideSolutionNode = FALSE
	EndGlobalSection
	GlobalSection(NestedProjects) = preSolution
		{2E793D23-993D-3196-90F4-7D158F32AAC0} = {EA67FA5B-B3CB-46B5-9A50-BE82F9605A70}
		{67876AA5-EFD4-3C34-9180-E6BE36F0F8D7} = {EA67FA5B-B3CB-46B5-9A50-BE82F9605A70}
		{DCBAFCBA-B84E-324F-AF5E-752F3A6F0350} = {EA67FA5B-B3CB-46B5-9A50-BE82F9605A70}
		{6B3AE325-06EF-3F74-A6C2-079DF63CEC30} = {EA67FA5B-B3CB-46B5-9A50-BE82F9605A70}
		{9289191D-32EC-33DF-8726-3275E9D9F712} = {EA67FA5B-B3CB-46B5-9A50-BE82F9605A70}
		{3618764A-1CEA-3CF7-860D-EE6F9E4F2019} = {EA67FA5B-B3CB-46B5-9A50-BE82F9605A70}
		{E4506D53-6A87-3FA5-898E-3D800FEECD85} = {EA67FA5B-B3CB-46B5-9A50-BE82F9605A70}
		{713C49E3-920B-340F-9135-4EED0D54C5DF} = {EA67FA5B-B3CB-46B5-9A50-BE82F9605A70}
		{C855A506-99CA-3FC4-9677-A70D3A89FDA4} = {EA67FA5B-B3CB-46B5-9A50-BE82F9605A70}
		{47A02DDB-13E9-377A-8BC9-12FB7207308A} = {EA67FA5B-B3CB-46B5-9A50-BE82F9605A70}
		{D00A8D4D-A67C-3ECE-B860-939393F9739A} = {EA67FA5B-B3CB-46B5-9A50-BE82F9605A70}
		{D2BD06E8-FF4F-38A6-895B-675D3E9DE344} = {EA67FA5B-B3CB-46B5-9A50-BE82F9605A70}
		{D2D2AB0C-3505-3CD6-B3AC-E82D0ED0E5C8} = {EA67FA5B-B3CB-46B5-9A50-BE82F9605A70}
		{A739CD94-734D-43BC-A329-79425FA4CE33} = {EA67FA5B-B3CB-46B5-9A50-BE82F9605A70}
		{EA67FA5B-B3CB-46B5-9A50-BE82F9605A70} = {1EC4D5B6-EDE0-4689-AEB7-9DCC32EB59BC}
		{41614B3A-D4F1-4075-BE40-916D467E3A13} = {1EC4D5B6-EDE0-4689-AEB7-9DCC32EB59BC}
		{E1C198A3-4E1B-4654-A7A4-0CAE3DC32A1A} = {41614B3A-D4F1-4075-BE40-916D467E3A13}
	EndGlobalSection
	GlobalSection(ExtensibilityGlobals) = postSolution
		SolutionGuid = {53A0DBDF-9FFE-373A-AEC4-7EB92CA9973C}
	EndGlobalSection
EndGlobal
